
Microsoft Visual Studio Solution File, Format Version 12.00
# Visual Studio 15
VisualStudioVersion = 15.0.28307.168
MinimumVisualStudioVersion = 10.0.40219.1
Project("{FAE04EC0-301F-11D3-BF4B-00C04F79EFBC}") = "WinFormControls", "WinFormControls\WinFormControls.csproj", "{114232C3-857F-4433-AD22-EE1D86539B32}"
EndProject
Project("{FAE04EC0-301F-11D3-BF4B-00C04F79EFBC}") = "DemoWinFormsHost", "DemoWinFormsHost\DemoWinFormsHost.csproj", "{340618D2-30C1-4026-8F98-09527C46FEC6}"
EndProject
Global
	GlobalSection(SolutionConfigurationPlatforms) = preSolution
		Debug|Any CPU = Debug|Any CPU
		Release|Any CPU = Release|Any CPU
	EndGlobalSection
	GlobalSection(ProjectConfigurationPlatforms) = postSolution
		{114232C3-857F-4433-AD22-EE1D86539B32}.Debug|Any CPU.ActiveCfg = Debug|Any CPU
		{114232C3-857F-4433-AD22-EE1D86539B32}.Debug|Any CPU.Build.0 = Debug|Any CPU
		{114232C3-857F-4433-AD22-EE1D86539B32}.Release|Any CPU.ActiveCfg = Release|Any CPU
		{114232C3-857F-4433-AD22-EE1D86539B32}.Release|Any CPU.Build.0 = Release|Any CPU
		{340618D2-30C1-4026-8F98-09527C46FEC6}.Debug|Any CPU.ActiveCfg = Debug|Any CPU
		{340618D2-30C1-4026-8F98-09527C46FEC6}.Debug|Any CPU.Build.0 = Debug|Any CPU
		{340618D2-30C1-4026-8F98-09527C46FEC6}.Release|Any CPU.ActiveCfg = Release|Any CPU
		{340618D2-30C1-4026-8F98-09527C46FEC6}.Release|Any CPU.Build.0 = Release|Any CPU
	EndGlobalSection
	GlobalSection(SolutionProperties) = preSolution
		HideSolutionNode = FALSE
	EndGlobalSection
	GlobalSection(ExtensibilityGlobals) = postSolution
		SolutionGuid = {B40B8AAE-DB6B-439C-8E53-823820E94A57}
	EndGlobalSection
EndGlobal
